
Microsoft Visual Studio Solution File, Format Version 12.00
# Visual Studio 14
VisualStudioVersion = 14.0.23107.0
MinimumVisualStudioVersion = 10.0.40219.1
Project("{FAE04EC0-301F-11D3-BF4B-00C04F79EFBC}") = "CentricSolutions.Presentation", "CentricSolutions\CentricSolutions.Presentation.csproj", "{5D341A8E-CBFD-446A-8981-03D50989BF08}"
EndProject
Project("{FAE04EC0-301F-11D3-BF4B-00C04F79EFBC}") = "CentricSolutions.Domain", "CentricSolutions.Domain\CentricSolutions.Domain.csproj", "{861CF187-54D3-4489-B360-028ADBA6F900}"
EndProject
Project("{FAE04EC0-301F-11D3-BF4B-00C04F79EFBC}") = "CentricSolutions.Infrastructure", "CentricSolutions.Infrastructure\CentricSolutions.Infrastructure.csproj", "{064BB148-6F86-4012-962D-320BF5164492}"
EndProject
Project("{FAE04EC0-301F-11D3-BF4B-00C04F79EFBC}") = "CentricSolutions.Services", "CentricSolutions.Services\CentricSolutions.Services.csproj", "{82EBEC3D-2FA6-445F-BADA-F2AABE11A1F9}"
EndProject
Global
	GlobalSection(SolutionConfigurationPlatforms) = preSolution
		Debug|Any CPU = Debug|Any CPU
		Release|Any CPU = Release|Any CPU
	EndGlobalSection
	GlobalSection(ProjectConfigurationPlatforms) = postSolution
		{5D341A8E-CBFD-446A-8981-03D50989BF08}.Debug|Any CPU.ActiveCfg = Debug|Any CPU
		{5D341A8E-CBFD-446A-8981-03D50989BF08}.Debug|Any CPU.Build.0 = Debug|Any CPU
		{5D341A8E-CBFD-446A-8981-03D50989BF08}.Release|Any CPU.ActiveCfg = Release|Any CPU
		{5D341A8E-CBFD-446A-8981-03D50989BF08}.Release|Any CPU.Build.0 = Release|Any CPU
		{861CF187-54D3-4489-B360-028ADBA6F900}.Debug|Any CPU.ActiveCfg = Debug|Any CPU
		{861CF187-54D3-4489-B360-028ADBA6F900}.Debug|Any CPU.Build.0 = Debug|Any CPU
		{861CF187-54D3-4489-B360-028ADBA6F900}.Release|Any CPU.ActiveCfg = Release|Any CPU
		{861CF187-54D3-4489-B360-028ADBA6F900}.Release|Any CPU.Build.0 = Release|Any CPU
		{064BB148-6F86-4012-962D-320BF5164492}.Debug|Any CPU.ActiveCfg = Debug|Any CPU
		{064BB148-6F86-4012-962D-320BF5164492}.Debug|Any CPU.Build.0 = Debug|Any CPU
		{064BB148-6F86-4012-962D-320BF5164492}.Release|Any CPU.ActiveCfg = Release|Any CPU
		{064BB148-6F86-4012-962D-320BF5164492}.Release|Any CPU.Build.0 = Release|Any CPU
		{82EBEC3D-2FA6-445F-BADA-F2AABE11A1F9}.Debug|Any CPU.ActiveCfg = Debug|Any CPU
		{82EBEC3D-2FA6-445F-BADA-F2AABE11A1F9}.Debug|Any CPU.Build.0 = Debug|Any CPU
		{82EBEC3D-2FA6-445F-BADA-F2AABE11A1F9}.Release|Any CPU.ActiveCfg = Release|Any CPU
		{82EBEC3D-2FA6-445F-BADA-F2AABE11A1F9}.Release|Any CPU.Build.0 = Release|Any CPU
	EndGlobalSection
	GlobalSection(SolutionProperties) = preSolution
		HideSolutionNode = FALSE
	EndGlobalSection
EndGlobal
